// !$*UTF8*$!
{
	archiveVersion = 1;
	classes = {
	};
	objectVersion = 50;
	objects = {

/* Begin PBXBuildFile section */
		69A5E0C93D999F96D4AB0859 /* Pods_Kozub_MVP_C.framework in Frameworks */ = {isa = PBXBuildFile; fileRef = E0020D7D461B602F900D04A9 /* Pods_Kozub_MVP_C.framework */; };
		E164AA5F22CD2ED900C056AE /* ViewPresenter.swift in Sources */ = {isa = PBXBuildFile; fileRef = E164AA5E22CD2ED900C056AE /* ViewPresenter.swift */; };
		E164AA6122CD33DC00C056AE /* MainView.swift in Sources */ = {isa = PBXBuildFile; fileRef = E164AA6022CD33DC00C056AE /* MainView.swift */; };
		E164AA6322CD524F00C056AE /* ViewCoordinator.swift in Sources */ = {isa = PBXBuildFile; fileRef = E164AA6222CD524F00C056AE /* ViewCoordinator.swift */; };
		E1F87E7622CD2CBB001A0F66 /* AppDelegate.swift in Sources */ = {isa = PBXBuildFile; fileRef = E1F87E7522CD2CBB001A0F66 /* AppDelegate.swift */; };
		E1F87E7822CD2CBB001A0F66 /* ViewController.swift in Sources */ = {isa = PBXBuildFile; fileRef = E1F87E7722CD2CBB001A0F66 /* ViewController.swift */; };
		E1F87E7D22CD2CBC001A0F66 /* Assets.xcassets in Resources */ = {isa = PBXBuildFile; fileRef = E1F87E7C22CD2CBC001A0F66 /* Assets.xcassets */; };
		E1F87E8022CD2CBC001A0F66 /* LaunchScreen.storyboard in Resources */ = {isa = PBXBuildFile; fileRef = E1F87E7E22CD2CBC001A0F66 /* LaunchScreen.storyboard */; };
/* End PBXBuildFile section */

/* Begin PBXFileReference section */
		CBB5A789929A7AACFC7D5251 /* Pods-Kozub_MVP_C.debug.xcconfig */ = {isa = PBXFileReference; includeInIndex = 1; lastKnownFileType = text.xcconfig; name = "Pods-Kozub_MVP_C.debug.xcconfig"; path = "Target Support Files/Pods-Kozub_MVP_C/Pods-Kozub_MVP_C.debug.xcconfig"; sourceTree = "<group>"; };
		DE0E126C0089F2BBCE279109 /* Pods-Kozub_MVP_C.release.xcconfig */ = {isa = PBXFileReference; includeInIndex = 1; lastKnownFileType = text.xcconfig; name = "Pods-Kozub_MVP_C.release.xcconfig"; path = "Target Support Files/Pods-Kozub_MVP_C/Pods-Kozub_MVP_C.release.xcconfig"; sourceTree = "<group>"; };
		E0020D7D461B602F900D04A9 /* Pods_Kozub_MVP_C.framework */ = {isa = PBXFileReference; explicitFileType = wrapper.framework; includeInIndex = 0; path = Pods_Kozub_MVP_C.framework; sourceTree = BUILT_PRODUCTS_DIR; };
		E164AA5E22CD2ED900C056AE /* ViewPresenter.swift */ = {isa = PBXFileReference; lastKnownFileType = sourcecode.swift; path = ViewPresenter.swift; sourceTree = "<group>"; };
		E164AA6022CD33DC00C056AE /* MainView.swift */ = {isa = PBXFileReference; lastKnownFileType = sourcecode.swift; path = MainView.swift; sourceTree = "<group>"; };
		E164AA6222CD524F00C056AE /* ViewCoordinator.swift */ = {isa = PBXFileReference; lastKnownFileType = sourcecode.swift; path = ViewCoordinator.swift; sourceTree = "<group>"; };
		E1F87E7222CD2CBB001A0F66 /* Kozub_MVP_C.app */ = {isa = PBXFileReference; explicitFileType = wrapper.application; includeInIndex = 0; path = Kozub_MVP_C.app; sourceTree = BUILT_PRODUCTS_DIR; };
		E1F87E7522CD2CBB001A0F66 /* AppDelegate.swift */ = {isa = PBXFileReference; lastKnownFileType = sourcecode.swift; path = AppDelegate.swift; sourceTree = "<group>"; };
		E1F87E7722CD2CBB001A0F66 /* ViewController.swift */ = {isa = PBXFileReference; lastKnownFileType = sourcecode.swift; path = ViewController.swift; sourceTree = "<group>"; };
		E1F87E7C22CD2CBC001A0F66 /* Assets.xcassets */ = {isa = PBXFileReference; lastKnownFileType = folder.assetcatalog; path = Assets.xcassets; sourceTree = "<group>"; };
		E1F87E7F22CD2CBC001A0F66 /* Base */ = {isa = PBXFileReference; lastKnownFileType = file.storyboard; name = Base; path = Base.lproj/LaunchScreen.storyboard; sourceTree = "<group>"; };
		E1F87E8122CD2CBC001A0F66 /* Info.plist */ = {isa = PBXFileReference; lastKnownFileType = text.plist.xml; path = Info.plist; sourceTree = "<group>"; };
/* End PBXFileReference section */

/* Begin PBXFrameworksBuildPhase section */
		E1F87E6F22CD2CBB001A0F66 /* Frameworks */ = {
			isa = PBXFrameworksBuildPhase;
			buildActionMask = 2147483647;
			files = (
				69A5E0C93D999F96D4AB0859 /* Pods_Kozub_MVP_C.framework in Frameworks */,
			);
			runOnlyForDeploymentPostprocessing = 0;
		};
/* End PBXFrameworksBuildPhase section */

/* Begin PBXGroup section */
		A0913FE97613D89E593E5DAF /* Frameworks */ = {
			isa = PBXGroup;
			children = (
				E0020D7D461B602F900D04A9 /* Pods_Kozub_MVP_C.framework */,
			);
			name = Frameworks;
			sourceTree = "<group>";
		};
		DFB662A4D6AD262E427EF7F7 /* Pods */ = {
			isa = PBXGroup;
			children = (
				CBB5A789929A7AACFC7D5251 /* Pods-Kozub_MVP_C.debug.xcconfig */,
				DE0E126C0089F2BBCE279109 /* Pods-Kozub_MVP_C.release.xcconfig */,
			);
			path = Pods;
			sourceTree = "<group>";
		};
		E1F87E6922CD2CBB001A0F66 = {
			isa = PBXGroup;
			children = (
				E1F87E7422CD2CBB001A0F66 /* Kozub_MVP_C */,
				E1F87E7322CD2CBB001A0F66 /* Products */,
				DFB662A4D6AD262E427EF7F7 /* Pods */,
				A0913FE97613D89E593E5DAF /* Frameworks */,
			);
			sourceTree = "<group>";
		};
		E1F87E7322CD2CBB001A0F66 /* Products */ = {
			isa = PBXGroup;
			children = (
				E1F87E7222CD2CBB001A0F66 /* Kozub_MVP_C.app */,
			);
			name = Products;
			sourceTree = "<group>";
		};
		E1F87E7422CD2CBB001A0F66 /* Kozub_MVP_C */ = {
			isa = PBXGroup;
			children = (
				E1F87E7522CD2CBB001A0F66 /* AppDelegate.swift */,
				E164AA6022CD33DC00C056AE /* MainView.swift */,
				E1F87E7722CD2CBB001A0F66 /* ViewController.swift */,
				E164AA6222CD524F00C056AE /* ViewCoordinator.swift */,
				E164AA5E22CD2ED900C056AE /* ViewPresenter.swift */,
				E1F87E7C22CD2CBC001A0F66 /* Assets.xcassets */,
				E1F87E7E22CD2CBC001A0F66 /* LaunchScreen.storyboard */,
				E1F87E8122CD2CBC001A0F66 /* Info.plist */,
			);
			path = Kozub_MVP_C;
			sourceTree = "<group>";
		};
/* End PBXGroup section */

/* Begin PBXNativeTarget section */
		E1F87E7122CD2CBB001A0F66 /* Kozub_MVP_C */ = {
			isa = PBXNativeTarget;
			buildConfigurationList = E1F87E8422CD2CBC001A0F66 /* Build configuration list for PBXNativeTarget "Kozub_MVP_C" */;
			buildPhases = (
				53FE4D58A147C1BA49C00FBB /* [CP] Check Pods Manifest.lock */,
				E1F87E6E22CD2CBB001A0F66 /* Sources */,
				E1F87E6F22CD2CBB001A0F66 /* Frameworks */,
				E1F87E7022CD2CBB001A0F66 /* Resources */,
				81488E5BDFB93DE9584912CB /* [CP] Embed Pods Frameworks */,
			);
			buildRules = (
			);
			dependencies = (
			);
			name = Kozub_MVP_C;
			productName = Kozub_MVP_C;
			productReference = E1F87E7222CD2CBB001A0F66 /* Kozub_MVP_C.app */;
			productType = "com.apple.product-type.application";
		};
/* End PBXNativeTarget section */

/* Begin PBXProject section */
		E1F87E6A22CD2CBB001A0F66 /* Project object */ = {
			isa = PBXProject;
			attributes = {
				LastSwiftUpdateCheck = 1020;
				LastUpgradeCheck = 1020;
				ORGANIZATIONNAME = "Michael Kozub";
				TargetAttributes = {
					E1F87E7122CD2CBB001A0F66 = {
						CreatedOnToolsVersion = 10.2.1;
					};
				};
			};
			buildConfigurationList = E1F87E6D22CD2CBB001A0F66 /* Build configuration list for PBXProject "Kozub_MVP_C" */;
			compatibilityVersion = "Xcode 9.3";
			developmentRegion = en;
			hasScannedForEncodings = 0;
			knownRegions = (
				en,
				Base,
			);
			mainGroup = E1F87E6922CD2CBB001A0F66;
			productRefGroup = E1F87E7322CD2CBB001A0F66 /* Products */;
			projectDirPath = "";
			projectRoot = "";
			targets = (
				E1F87E7122CD2CBB001A0F66 /* Kozub_MVP_C */,
			);
		};
/* End PBXProject section */

/* Begin PBXResourcesBuildPhase section */
		E1F87E7022CD2CBB001A0F66 /* Resources */ = {
			isa = PBXResourcesBuildPhase;
			buildActionMask = 2147483647;
			files = (
				E1F87E8022CD2CBC001A0F66 /* LaunchScreen.storyboard in Resources */,
				E1F87E7D22CD2CBC001A0F66 /* Assets.xcassets in Resources */,
			);
			runOnlyForDeploymentPostprocessing = 0;
		};
/* End PBXResourcesBuildPhase section */

/* Begin PBXShellScriptBuildPhase section */
		53FE4D58A147C1BA49C00FBB /* [CP] Check Pods Manifest.lock */ = {
			isa = PBXShellScriptBuildPhase;
			buildActionMask = 2147483647;
			files = (
			);
			inputFileListPaths = (
			);
			inputPaths = (
				"${PODS_PODFILE_DIR_PATH}/Podfile.lock",
				"${PODS_ROOT}/Manifest.lock",
			);
			name = "[CP] Check Pods Manifest.lock";
			outputFileListPaths = (
			);
			outputPaths = (
				"$(DERIVED_FILE_DIR)/Pods-Kozub_MVP_C-checkManifestLockResult.txt",
			);
			runOnlyForDeploymentPostprocessing = 0;
			shellPath = /bin/sh;
			shellScript = "diff \"${PODS_PODFILE_DIR_PATH}/Podfile.lock\" \"${PODS_ROOT}/Manifest.lock\" > /dev/null\nif [ $? != 0 ] ; then\n    # print error to STDERR\n    echo \"error: The sandbox is not in sync with the Podfile.lock. Run 'pod install' or update your CocoaPods installation.\" >&2\n    exit 1\nfi\n# This output is used by Xcode 'outputs' to avoid re-running this script phase.\necho \"SUCCESS\" > \"${SCRIPT_OUTPUT_FILE_0}\"\n";
			showEnvVarsInLog = 0;
		};
		81488E5BDFB93DE9584912CB /* [CP] Embed Pods Frameworks */ = {
			isa = PBXShellScriptBuildPhase;
			buildActionMask = 2147483647;
			files = (
			);
			inputFileListPaths = (
			);
			inputPaths = (
				"${PODS_ROOT}/Target Support Files/Pods-Kozub_MVP_C/Pods-Kozub_MVP_C-frameworks.sh",
				"${BUILT_PRODUCTS_DIR}/Anchorage/Anchorage.framework",
			);
			name = "[CP] Embed Pods Frameworks";
			outputFileListPaths = (
			);
			outputPaths = (
				"${TARGET_BUILD_DIR}/${FRAMEWORKS_FOLDER_PATH}/Anchorage.framework",
			);
			runOnlyForDeploymentPostprocessing = 0;
			shellPath = /bin/sh;
			shellScript = "\"${PODS_ROOT}/Target Support Files/Pods-Kozub_MVP_C/Pods-Kozub_MVP_C-frameworks.sh\"\n";
			showEnvVarsInLog = 0;
		};
/* End PBXShellScriptBuildPhase section */

/* Begin PBXSourcesBuildPhase section */
		E1F87E6E22CD2CBB001A0F66 /* Sources */ = {
			isa = PBXSourcesBuildPhase;
			buildActionMask = 2147483647;
			files = (
				E164AA6122CD33DC00C056AE /* MainView.swift in Sources */,
				E164AA5F22CD2ED900C056AE /* ViewPresenter.swift in Sources */,
				E1F87E7822CD2CBB001A0F66 /* ViewController.swift in Sources */,
				E1F87E7622CD2CBB001A0F66 /* AppDelegate.swift in Sources */,
				E164AA6322CD524F00C056AE /* ViewCoordinator.swift in Sources */,
			);
			runOnlyForDeploymentPostprocessing = 0;
		};
/* End PBXSourcesBuildPhase section */

/* Begin PBXVariantGroup section */
		E1F87E7E22CD2CBC001A0F66 /* LaunchScreen.storyboard */ = {
			isa = PBXVariantGroup;
			children = (
				E1F87E7F22CD2CBC001A0F66 /* Base */,
			);
			name = LaunchScreen.storyboard;
			sourceTree = "<group>";
		};
/* End PBXVariantGroup section */

/* Begin XCBuildConfiguration section */
		E1F87E8222CD2CBC001A0F66 /* Debug */ = {
			isa = XCBuildConfiguration;
			buildSettings = {
				ALWAYS_SEARCH_USER_PATHS = NO;
				CLANG_ANALYZER_NONNULL = YES;
				CLANG_ANALYZER_NUMBER_OBJECT_CONVERSION = YES_AGGRESSIVE;
				CLANG_CXX_LANGUAGE_STANDARD = "gnu++14";
				CLANG_CXX_LIBRARY = "libc++";
				CLANG_ENABLE_MODULES = YES;
				CLANG_ENABLE_OBJC_ARC = YES;
				CLANG_ENABLE_OBJC_WEAK = YES;
				CLANG_WARN_BLOCK_CAPTURE_AUTORELEASING = YES;
				CLANG_WARN_BOOL_CONVERSION = YES;
				CLANG_WARN_COMMA = YES;
				CLANG_WARN_CONSTANT_CONVERSION = YES;
				CLANG_WARN_DEPRECATED_OBJC_IMPLEMENTATIONS = YES;
				CLANG_WARN_DIRECT_OBJC_ISA_USAGE = YES_ERROR;
				CLANG_WARN_DOCUMENTATION_COMMENTS = YES;
				CLANG_WARN_EMPTY_BODY = YES;
				CLANG_WARN_ENUM_CONVERSION = YES;
				CLANG_WARN_INFINITE_RECURSION = YES;
				CLANG_WARN_INT_CONVERSION = YES;
				CLANG_WARN_NON_LITERAL_NULL_CONVERSION = YES;
				CLANG_WARN_OBJC_IMPLICIT_RETAIN_SELF = YES;
				CLANG_WARN_OBJC_LITERAL_CONVERSION = YES;
				CLANG_WARN_OBJC_ROOT_CLASS = YES_ERROR;
				CLANG_WARN_RANGE_LOOP_ANALYSIS = YES;
				CLANG_WARN_STRICT_PROTOTYPES = YES;
				CLANG_WARN_SUSPICIOUS_MOVE = YES;
				CLANG_WARN_UNGUARDED_AVAILABILITY = YES_AGGRESSIVE;
				CLANG_WARN_UNREACHABLE_CODE = YES;
				CLANG_WARN__DUPLICATE_METHOD_MATCH = YES;
				CODE_SIGN_IDENTITY = "iPhone Developer";
				COPY_PHASE_STRIP = NO;
				DEBUG_INFORMATION_FORMAT = dwarf;
				ENABLE_STRICT_OBJC_MSGSEND = YES;
				ENABLE_TESTABILITY = YES;
				GCC_C_LANGUAGE_STANDARD = gnu11;
				GCC_DYNAMIC_NO_PIC = NO;
				GCC_NO_COMMON_BLOCKS = YES;
				GCC_OPTIMIZATION_LEVEL = 0;
				GCC_PREPROCESSOR_DEFINITIONS = (
					"DEBUG=1",
					"$(inherited)",
				);
				GCC_WARN_64_TO_32_BIT_CONVERSION = YES;
				GCC_WARN_ABOUT_RETURN_TYPE = YES_ERROR;
				GCC_WARN_UNDECLARED_SELECTOR = YES;
				GCC_WARN_UNINITIALIZED_AUTOS = YES_AGGRESSIVE;
				GCC_WARN_UNUSED_FUNCTION = YES;
				GCC_WARN_UNUSED_VARIABLE = YES;
				IPHONEOS_DEPLOYMENT_TARGET = 12.2;
				MTL_ENABLE_DEBUG_INFO = INCLUDE_SOURCE;
				MTL_FAST_MATH = YES;
				ONLY_ACTIVE_ARCH = YES;
				SDKROOT = iphoneos;
				SWIFT_ACTIVE_COMPILATION_CONDITIONS = DEBUG;
				SWIFT_OPTIMIZATION_LEVEL = "-Onone";
			};
			name = Debug;
		};
		E1F87E8322CD2CBC001A0F66 /* Release */ = {
			isa = XCBuildConfiguration;
			buildSettings = {
				ALWAYS_SEARCH_USER_PATHS = NO;
				CLANG_ANALYZER_NONNULL = YES;
				CLANG_ANALYZER_NUMBER_OBJECT_CONVERSION = YES_AGGRESSIVE;
				CLANG_CXX_LANGUAGE_STANDARD = "gnu++14";
				CLANG_CXX_LIBRARY = "libc++";
				CLANG_ENABLE_MODULES = YES;
				CLANG_ENABLE_OBJC_ARC = YES;
				CLANG_ENABLE_OBJC_WEAK = YES;
				CLANG_WARN_BLOCK_CAPTURE_AUTORELEASING = YES;
				CLANG_WARN_BOOL_CONVERSION = YES;
				CLANG_WARN_COMMA = YES;
				CLANG_WARN_CONSTANT_CONVERSION = YES;
				CLANG_WARN_DEPRECATED_OBJC_IMPLEMENTATIONS = YES;
				CLANG_WARN_DIRECT_OBJC_ISA_USAGE = YES_ERROR;
				CLANG_WARN_DOCUMENTATION_COMMENTS = YES;
				CLANG_WARN_EMPTY_BODY = YES;
				CLANG_WARN_ENUM_CONVERSION = YES;
				CLANG_WARN_INFINITE_RECURSION = YES;
				CLANG_WARN_INT_CONVERSION = YES;
				CLANG_WARN_NON_LITERAL_NULL_CONVERSION = YES;
				CLANG_WARN_OBJC_IMPLICIT_RETAIN_SELF = YES;
				CLANG_WARN_OBJC_LITERAL_CONVERSION = YES;
				CLANG_WARN_OBJC_ROOT_CLASS = YES_ERROR;
				CLANG_WARN_RANGE_LOOP_ANALYSIS = YES;
				CLANG_WARN_STRICT_PROTOTYPES = YES;
				CLANG_WARN_SUSPICIOUS_MOVE = YES;
				CLANG_WARN_UNGUARDED_AVAILABILITY = YES_AGGRESSIVE;
				CLANG_WARN_UNREACHABLE_CODE = YES;
				CLANG_WARN__DUPLICATE_METHOD_MATCH = YES;
				CODE_SIGN_IDENTITY = "iPhone Developer";
				COPY_PHASE_STRIP = NO;
				DEBUG_INFORMATION_FORMAT = "dwarf-with-dsym";
				ENABLE_NS_ASSERTIONS = NO;
				ENABLE_STRICT_OBJC_MSGSEND = YES;
				GCC_C_LANGUAGE_STANDARD = gnu11;
				GCC_NO_COMMON_BLOCKS = YES;
				GCC_WARN_64_TO_32_BIT_CONVERSION = YES;
				GCC_WARN_ABOUT_RETURN_TYPE = YES_ERROR;
				GCC_WARN_UNDECLARED_SELECTOR = YES;
				GCC_WARN_UNINITIALIZED_AUTOS = YES_AGGRESSIVE;
				GCC_WARN_UNUSED_FUNCTION = YES;
				GCC_WARN_UNUSED_VARIABLE = YES;
				IPHONEOS_DEPLOYMENT_TARGET = 12.2;
				MTL_ENABLE_DEBUG_INFO = NO;
				MTL_FAST_MATH = YES;
				SDKROOT = iphoneos;
				SWIFT_COMPILATION_MODE = wholemodule;
				SWIFT_OPTIMIZATION_LEVEL = "-O";
				VALIDATE_PRODUCT = YES;
			};
			name = Release;
		};
		E1F87E8522CD2CBC001A0F66 /* Debug */ = {
			isa = XCBuildConfiguration;
			baseConfigurationReference = CBB5A789929A7AACFC7D5251 /* Pods-Kozub_MVP_C.debug.xcconfig */;
			buildSettings = {
				ASSETCATALOG_COMPILER_APPICON_NAME = AppIcon;
				CODE_SIGN_STYLE = Automatic;
				INFOPLIST_FILE = Kozub_MVP_C/Info.plist;
				LD_RUNPATH_SEARCH_PATHS = (
					"$(inherited)",
					"@executable_path/Frameworks",
				);
				PRODUCT_BUNDLE_IDENTIFIER = "com.michaelkozub.Kozub-MVP-C";
				PRODUCT_NAME = "$(TARGET_NAME)";
				SWIFT_VERSION = 5.0;
				TARGETED_DEVICE_FAMILY = "1,2";
			};
			name = Debug;
		};
		E1F87E8622CD2CBC001A0F66 /* Release */ = {
			isa = XCBuildConfiguration;
			baseConfigurationReference = DE0E126C0089F2BBCE279109 /* Pods-Kozub_MVP_C.release.xcconfig */;
			buildSettings = {
				ASSETCATALOG_COMPILER_APPICON_NAME = AppIcon;
				CODE_SIGN_STYLE = Automatic;
				INFOPLIST_FILE = Kozub_MVP_C/Info.plist;
				LD_RUNPATH_SEARCH_PATHS = (
					"$(inherited)",
					"@executable_path/Frameworks",
				);
				PRODUCT_BUNDLE_IDENTIFIER = "com.michaelkozub.Kozub-MVP-C";
				PRODUCT_NAME = "$(TARGET_NAME)";
				SWIFT_VERSION = 5.0;
				TARGETED_DEVICE_FAMILY = "1,2";
			};
			name = Release;
		};
/* End XCBuildConfiguration section */

/* Begin XCConfigurationList section */
		E1F87E6D22CD2CBB001A0F66 /* Build configuration list for PBXProject "Kozub_MVP_C" */ = {
			isa = XCConfigurationList;
			buildConfigurations = (
				E1F87E8222CD2CBC001A0F66 /* Debug */,
				E1F87E8322CD2CBC001A0F66 /* Release */,
			);
			defaultConfigurationIsVisible = 0;
			defaultConfigurationName = Release;
		};
		E1F87E8422CD2CBC001A0F66 /* Build configuration list for PBXNativeTarget "Kozub_MVP_C" */ = {
			isa = XCConfigurationList;
			buildConfigurations = (
				E1F87E8522CD2CBC001A0F66 /* Debug */,
				E1F87E8622CD2CBC001A0F66 /* Release */,
			);
			defaultConfigurationIsVisible = 0;
			defaultConfigurationName = Release;
		};
/* End XCConfigurationList section */
	};
	rootObject = E1F87E6A22CD2CBB001A0F66 /* Project object */;
}
